
Microsoft Visual Studio Solution File, Format Version 12.00
# Visual Studio Version 17
VisualStudioVersion = 17.11.35222.181
MinimumVisualStudioVersion = 10.0.40219.1
Project("{FAE04EC0-301F-11D3-BF4B-00C04F79EFBC}") = "RepetitiveStructureFor", "RepetitiveStructureFor\RepetitiveStructureFor.csproj", "{EC84953A-D58A-4DD7-BA46-FA10BD5D737A}"
EndProject
Global
	GlobalSection(SolutionConfigurationPlatforms) = preSolution
		Debug|Any CPU = Debug|Any CPU
		Release|Any CPU = Release|Any CPU
	EndGlobalSection
	GlobalSection(ProjectConfigurationPlatforms) = postSolution
		{EC84953A-D58A-4DD7-BA46-FA10BD5D737A}.Debug|Any CPU.ActiveCfg = Debug|Any CPU
		{EC84953A-D58A-4DD7-BA46-FA10BD5D737A}.Debug|Any CPU.Build.0 = Debug|Any CPU
		{EC84953A-D58A-4DD7-BA46-FA10BD5D737A}.Release|Any CPU.ActiveCfg = Release|Any CPU
		{EC84953A-D58A-4DD7-BA46-FA10BD5D737A}.Release|Any CPU.Build.0 = Release|Any CPU
	EndGlobalSection
	GlobalSection(SolutionProperties) = preSolution
		HideSolutionNode = FALSE
	EndGlobalSection
	GlobalSection(ExtensibilityGlobals) = postSolution
		SolutionGuid = {EEAC7EE7-4107-4584-BA78-D2F4CFEF4134}
	EndGlobalSection
EndGlobal
